{
    "requires": true,
    "lockfileVersion": 1,
    "dependencies": {
        "vue-toasted": {
            "version": "1.1.25",
            "resolved": "https://registry.npmjs.org/vue-toasted/-/vue-toasted-1.1.25.tgz",
            "integrity": "sha512-EAblMFv1Bwq552vvgzd+T2r2UFDAKj0Z8z9EcJpweU7qyKU3OMIkz5S2m6aIFMM507H8VmSJPQHsA/FGbsKp5g=="
        }
    }
}
